{
  "version": 4,
  "terraform_version": "1.13.3",
  "serial": 49,
  "lineage": "c01e78b3-7a1f-d14b-f680-efae64071d27",
  "outputs": {},
  "resources": [
    {
      "mode": "data",
      "type": "google_project",
      "name": "dev_project",
      "provider": "provider[\"registry.terraform.io/hashicorp/google\"]",
      "instances": [
        {
          "schema_version": 0,
          "attributes": {
            "auto_create_network": null,
            "billing_account": "01B257-163362-FC016A",
            "deletion_policy": "PREVENT",
            "effective_labels": {
              "firebase": "enabled",
              "firebase-core": "disabled"
            },
            "folder_id": "",
            "id": "projects/bobs-brain",
            "labels": {
              "firebase": "enabled",
              "firebase-core": "disabled"
            },
            "name": "Bobs Brain",
            "number": "205354194989",
            "org_id": "962837652878",
            "project_id": "bobs-brain",
            "tags": null,
            "terraform_labels": {
              "firebase": "enabled",
              "firebase-core": "disabled"
            }
          },
          "sensitive_attributes": [],
          "identity_schema_version": 0
        }
      ]
    },
    {
      "mode": "managed",
      "type": "google_bigquery_dataset",
      "name": "feedback_dataset",
      "provider": "provider[\"registry.terraform.io/hashicorp/google\"]",
      "instances": [
        {
          "schema_version": 0,
          "attributes": {
            "access": [
              {
                "condition": [],
                "dataset": [],
                "domain": "",
                "group_by_email": "",
                "iam_member": "",
                "role": "OWNER",
                "routine": [],
                "special_group": "",
                "user_by_email": "jeremy@intentsolutions.io",
                "view": []
              },
              {
                "condition": [],
                "dataset": [],
                "domain": "",
                "group_by_email": "",
                "iam_member": "",
                "role": "OWNER",
                "routine": [],
                "special_group": "projectOwners",
                "user_by_email": "",
                "view": []
              },
              {
                "condition": [],
                "dataset": [],
                "domain": "",
                "group_by_email": "",
                "iam_member": "",
                "role": "READER",
                "routine": [],
                "special_group": "projectReaders",
                "user_by_email": "",
                "view": []
              },
              {
                "condition": [],
                "dataset": [],
                "domain": "",
                "group_by_email": "",
                "iam_member": "",
                "role": "WRITER",
                "routine": [],
                "special_group": "projectWriters",
                "user_by_email": "",
                "view": []
              }
            ],
            "creation_time": 1762673957236,
            "dataset_id": "bob_vertex_agent_feedback",
            "default_collation": "",
            "default_encryption_configuration": [],
            "default_partition_expiration_ms": 0,
            "default_table_expiration_ms": 0,
            "delete_contents_on_destroy": false,
            "description": "",
            "effective_labels": {
              "goog-terraform-provisioned": "true"
            },
            "etag": "/1Tm1LaXNccu0WXCcZfPsg==",
            "external_catalog_dataset_options": [],
            "external_dataset_reference": [],
            "friendly_name": "bob-vertex-agent_feedback",
            "id": "projects/bobs-brain/datasets/bob_vertex_agent_feedback",
            "is_case_insensitive": false,
            "labels": null,
            "last_modified_time": 1762673957236,
            "location": "us-central1",
            "max_time_travel_hours": "168",
            "project": "bobs-brain",
            "resource_tags": null,
            "self_link": "https://bigquery.googleapis.com/bigquery/v2/projects/bobs-brain/datasets/bob_vertex_agent_feedback",
            "storage_billing_model": "",
            "terraform_labels": {
              "goog-terraform-provisioned": "true"
            },
            "timeouts": null
          },
          "sensitive_attributes": [],
          "identity_schema_version": 0,
          "private": "eyJlMmJmYjczMC1lY2FhLTExZTYtOGY4OC0zNDM2M2JjN2M0YzAiOnsiY3JlYXRlIjoxMjAwMDAwMDAwMDAwLCJkZWxldGUiOjEyMDAwMDAwMDAwMDAsInVwZGF0ZSI6MTIwMDAwMDAwMDAwMH19",
          "dependencies": [
            "google_project_service.services"
          ]
        }
      ]
    },
    {
      "mode": "managed",
      "type": "google_bigquery_dataset",
      "name": "telemetry_logs_dataset",
      "provider": "provider[\"registry.terraform.io/hashicorp/google\"]",
      "instances": [
        {
          "schema_version": 0,
          "attributes": {
            "access": [
              {
                "condition": [],
                "dataset": [],
                "domain": "",
                "group_by_email": "",
                "iam_member": "",
                "role": "OWNER",
                "routine": [],
                "special_group": "",
                "user_by_email": "jeremy@intentsolutions.io",
                "view": []
              },
              {
                "condition": [],
                "dataset": [],
                "domain": "",
                "group_by_email": "",
                "iam_member": "",
                "role": "OWNER",
                "routine": [],
                "special_group": "projectOwners",
                "user_by_email": "",
                "view": []
              },
              {
                "condition": [],
                "dataset": [],
                "domain": "",
                "group_by_email": "",
                "iam_member": "",
                "role": "READER",
                "routine": [],
                "special_group": "projectReaders",
                "user_by_email": "",
                "view": []
              },
              {
                "condition": [],
                "dataset": [],
                "domain": "",
                "group_by_email": "",
                "iam_member": "",
                "role": "WRITER",
                "routine": [],
                "special_group": "projectWriters",
                "user_by_email": "",
                "view": []
              }
            ],
            "creation_time": 1762673957239,
            "dataset_id": "bob_vertex_agent_telemetry",
            "default_collation": "",
            "default_encryption_configuration": [],
            "default_partition_expiration_ms": 0,
            "default_table_expiration_ms": 0,
            "delete_contents_on_destroy": false,
            "description": "",
            "effective_labels": {
              "goog-terraform-provisioned": "true"
            },
            "etag": "+4PaHNuyQW87bTcpZFnwfw==",
            "external_catalog_dataset_options": [],
            "external_dataset_reference": [],
            "friendly_name": "bob-vertex-agent_telemetry",
            "id": "projects/bobs-brain/datasets/bob_vertex_agent_telemetry",
            "is_case_insensitive": false,
            "labels": null,
            "last_modified_time": 1762673957239,
            "location": "us-central1",
            "max_time_travel_hours": "168",
            "project": "bobs-brain",
            "resource_tags": null,
            "self_link": "https://bigquery.googleapis.com/bigquery/v2/projects/bobs-brain/datasets/bob_vertex_agent_telemetry",
            "storage_billing_model": "",
            "terraform_labels": {
              "goog-terraform-provisioned": "true"
            },
            "timeouts": null
          },
          "sensitive_attributes": [],
          "identity_schema_version": 0,
          "private": "eyJlMmJmYjczMC1lY2FhLTExZTYtOGY4OC0zNDM2M2JjN2M0YzAiOnsiY3JlYXRlIjoxMjAwMDAwMDAwMDAwLCJkZWxldGUiOjEyMDAwMDAwMDAwMDAsInVwZGF0ZSI6MTIwMDAwMDAwMDAwMH19",
          "dependencies": [
            "google_project_service.services"
          ]
        }
      ]
    },
    {
      "mode": "managed",
      "type": "google_discovery_engine_data_store",
      "name": "data_store_dev",
      "provider": "provider[\"registry.terraform.io/hashicorp/google\"].dev_billing_override",
      "instances": [
        {
          "schema_version": 0,
          "attributes": {
            "advanced_site_search_config": [],
            "content_config": "NO_CONTENT",
            "create_advanced_site_search": false,
            "create_time": "2025-11-09T07:39:20.531265Z",
            "data_store_id": "bob-vertex-agent-datastore",
            "default_schema_id": "default_schema",
            "display_name": "bob-vertex-agent-datastore",
            "document_processing_config": [],
            "id": "projects/bobs-brain/locations/us/collections/default_collection/dataStores/bob-vertex-agent-datastore",
            "industry_vertical": "GENERIC",
            "kms_key_name": null,
            "location": "us",
            "name": "projects/205354194989/locations/us/collections/default_collection/dataStores/bob-vertex-agent-datastore",
            "project": "bobs-brain",
            "skip_default_schema_creation": false,
            "solution_types": [
              "SOLUTION_TYPE_SEARCH"
            ],
            "timeouts": null
          },
          "sensitive_attributes": [],
          "identity_schema_version": 0,
          "private": "eyJlMmJmYjczMC1lY2FhLTExZTYtOGY4OC0zNDM2M2JjN2M0YzAiOnsiY3JlYXRlIjoxMjAwMDAwMDAwMDAwLCJkZWxldGUiOjEyMDAwMDAwMDAwMDAsInVwZGF0ZSI6MTIwMDAwMDAwMDAwMH19",
          "dependencies": [
            "google_project_service.services"
          ]
        }
      ]
    },
    {
      "mode": "managed",
      "type": "google_discovery_engine_search_engine",
      "name": "search_engine_dev",
      "provider": "provider[\"registry.terraform.io/hashicorp/google\"].dev_billing_override",
      "instances": [
        {
          "schema_version": 0,
          "attributes": {
            "app_type": "",
            "collection_id": "default_collection",
            "common_config": [],
            "create_time": "",
            "data_store_ids": [
              "bob-vertex-agent-datastore"
            ],
            "display_name": "Search Engine App Staging",
            "engine_id": "bob-vertex-agent-search",
            "features": null,
            "id": "projects/bobs-brain/locations/us/collections/default_collection/engines/bob-vertex-agent-search",
            "industry_vertical": "GENERIC",
            "kms_key_name": null,
            "location": "us",
            "name": "projects/205354194989/locations/us/collections/default_collection/engines/bob-vertex-agent-search",
            "project": "bobs-brain",
            "search_engine_config": [
              {
                "search_add_ons": null,
                "search_tier": "SEARCH_TIER_ENTERPRISE"
              }
            ],
            "timeouts": null,
            "update_time": ""
          },
          "sensitive_attributes": [],
          "identity_schema_version": 0,
          "private": "eyJlMmJmYjczMC1lY2FhLTExZTYtOGY4OC0zNDM2M2JjN2M0YzAiOnsiY3JlYXRlIjoxMjAwMDAwMDAwMDAwLCJkZWxldGUiOjEyMDAwMDAwMDAwMDAsInVwZGF0ZSI6MTIwMDAwMDAwMDAwMH19",
          "dependencies": [
            "google_discovery_engine_data_store.data_store_dev",
            "google_project_service.services"
          ]
        }
      ]
    },
    {
      "mode": "managed",
      "type": "google_logging_project_sink",
      "name": "feedback_export_to_bigquery",
      "provider": "provider[\"registry.terraform.io/hashicorp/google\"]",
      "instances": [
        {
          "schema_version": 0,
          "attributes": {
            "bigquery_options": [
              {
                "use_partitioned_tables": true
              }
            ],
            "custom_writer_identity": null,
            "description": "",
            "destination": "bigquery.googleapis.com/projects/bobs-brain/datasets/bob_vertex_agent_feedback",
            "disabled": false,
            "exclusions": [],
            "filter": "jsonPayload.log_type=\"feedback\" jsonPayload.service_name=\"bob-vertex-agent\"",
            "id": "projects/bobs-brain/sinks/bob-vertex-agent_feedback",
            "name": "bob-vertex-agent_feedback",
            "project": "bobs-brain",
            "unique_writer_identity": true,
            "writer_identity": "serviceAccount:service-205354194989@gcp-sa-logging.iam.gserviceaccount.com"
          },
          "sensitive_attributes": [],
          "identity_schema_version": 0,
          "private": "bnVsbA==",
          "dependencies": [
            "google_bigquery_dataset.feedback_dataset",
            "google_project_service.services"
          ]
        }
      ]
    },
    {
      "mode": "managed",
      "type": "google_logging_project_sink",
      "name": "log_export_to_bigquery",
      "provider": "provider[\"registry.terraform.io/hashicorp/google\"]",
      "instances": [
        {
          "schema_version": 0,
          "attributes": {
            "bigquery_options": [
              {
                "use_partitioned_tables": true
              }
            ],
            "custom_writer_identity": null,
            "description": "",
            "destination": "bigquery.googleapis.com/projects/bobs-brain/datasets/bob_vertex_agent_telemetry",
            "disabled": false,
            "exclusions": [],
            "filter": "labels.service_name=\"bob-vertex-agent\" labels.type=\"agent_telemetry\"",
            "id": "projects/bobs-brain/sinks/bob-vertex-agent_telemetry",
            "name": "bob-vertex-agent_telemetry",
            "project": "bobs-brain",
            "unique_writer_identity": true,
            "writer_identity": "serviceAccount:service-205354194989@gcp-sa-logging.iam.gserviceaccount.com"
          },
          "sensitive_attributes": [],
          "identity_schema_version": 0,
          "private": "bnVsbA==",
          "dependencies": [
            "google_bigquery_dataset.telemetry_logs_dataset",
            "google_project_service.services"
          ]
        }
      ]
    },
    {
      "mode": "managed",
      "type": "google_project_iam_member",
      "name": "app_sa_roles",
      "provider": "provider[\"registry.terraform.io/hashicorp/google\"]",
      "instances": [
        {
          "index_key": "dev,roles/aiplatform.user",
          "schema_version": 0,
          "attributes": {
            "condition": [],
            "etag": "BwZDJIQEsgc=",
            "id": "bobs-brain/roles/aiplatform.user/serviceAccount:bob-vertex-agent-app@bobs-brain.iam.gserviceaccount.com",
            "member": "serviceAccount:bob-vertex-agent-app@bobs-brain.iam.gserviceaccount.com",
            "project": "bobs-brain",
            "role": "roles/aiplatform.user"
          },
          "sensitive_attributes": [],
          "identity_schema_version": 0,
          "private": "bnVsbA==",
          "dependencies": [
            "google_project_service.services",
            "google_service_account.app_sa"
          ]
        },
        {
          "index_key": "dev,roles/cloudtrace.agent",
          "schema_version": 0,
          "attributes": {
            "condition": [],
            "etag": "BwZDJIQEsgc=",
            "id": "bobs-brain/roles/cloudtrace.agent/serviceAccount:bob-vertex-agent-app@bobs-brain.iam.gserviceaccount.com",
            "member": "serviceAccount:bob-vertex-agent-app@bobs-brain.iam.gserviceaccount.com",
            "project": "bobs-brain",
            "role": "roles/cloudtrace.agent"
          },
          "sensitive_attributes": [],
          "identity_schema_version": 0,
          "private": "bnVsbA==",
          "dependencies": [
            "google_project_service.services",
            "google_service_account.app_sa"
          ]
        },
        {
          "index_key": "dev,roles/discoveryengine.editor",
          "schema_version": 0,
          "attributes": {
            "condition": [],
            "etag": "BwZDJIQEsgc=",
            "id": "bobs-brain/roles/discoveryengine.editor/serviceAccount:bob-vertex-agent-app@bobs-brain.iam.gserviceaccount.com",
            "member": "serviceAccount:bob-vertex-agent-app@bobs-brain.iam.gserviceaccount.com",
            "project": "bobs-brain",
            "role": "roles/discoveryengine.editor"
          },
          "sensitive_attributes": [],
          "identity_schema_version": 0,
          "private": "bnVsbA==",
          "dependencies": [
            "google_project_service.services",
            "google_service_account.app_sa"
          ]
        },
        {
          "index_key": "dev,roles/logging.logWriter",
          "schema_version": 0,
          "attributes": {
            "condition": [],
            "etag": "BwZDJIQEsgc=",
            "id": "bobs-brain/roles/logging.logWriter/serviceAccount:bob-vertex-agent-app@bobs-brain.iam.gserviceaccount.com",
            "member": "serviceAccount:bob-vertex-agent-app@bobs-brain.iam.gserviceaccount.com",
            "project": "bobs-brain",
            "role": "roles/logging.logWriter"
          },
          "sensitive_attributes": [],
          "identity_schema_version": 0,
          "private": "bnVsbA==",
          "dependencies": [
            "google_project_service.services",
            "google_service_account.app_sa"
          ]
        },
        {
          "index_key": "dev,roles/serviceusage.serviceUsageConsumer",
          "schema_version": 0,
          "attributes": {
            "condition": [],
            "etag": "BwZDJIQEsgc=",
            "id": "bobs-brain/roles/serviceusage.serviceUsageConsumer/serviceAccount:bob-vertex-agent-app@bobs-brain.iam.gserviceaccount.com",
            "member": "serviceAccount:bob-vertex-agent-app@bobs-brain.iam.gserviceaccount.com",
            "project": "bobs-brain",
            "role": "roles/serviceusage.serviceUsageConsumer"
          },
          "sensitive_attributes": [],
          "identity_schema_version": 0,
          "private": "bnVsbA==",
          "dependencies": [
            "google_project_service.services",
            "google_service_account.app_sa"
          ]
        },
        {
          "index_key": "dev,roles/storage.admin",
          "schema_version": 0,
          "attributes": {
            "condition": [],
            "etag": "BwZDJIQEsgc=",
            "id": "bobs-brain/roles/storage.admin/serviceAccount:bob-vertex-agent-app@bobs-brain.iam.gserviceaccount.com",
            "member": "serviceAccount:bob-vertex-agent-app@bobs-brain.iam.gserviceaccount.com",
            "project": "bobs-brain",
            "role": "roles/storage.admin"
          },
          "sensitive_attributes": [],
          "identity_schema_version": 0,
          "private": "bnVsbA==",
          "dependencies": [
            "google_project_service.services",
            "google_service_account.app_sa"
          ]
        }
      ]
    },
    {
      "mode": "managed",
      "type": "google_project_iam_member",
      "name": "bigquery_data_editor",
      "provider": "provider[\"registry.terraform.io/hashicorp/google\"]",
      "instances": [
        {
          "schema_version": 0,
          "attributes": {
            "condition": [],
            "etag": "BwZDJIOqgmI=",
            "id": "bobs-brain/roles/bigquery.dataEditor/serviceAccount:service-205354194989@gcp-sa-logging.iam.gserviceaccount.com",
            "member": "serviceAccount:service-205354194989@gcp-sa-logging.iam.gserviceaccount.com",
            "project": "bobs-brain",
            "role": "roles/bigquery.dataEditor"
          },
          "sensitive_attributes": [],
          "identity_schema_version": 0,
          "private": "bnVsbA==",
          "dependencies": [
            "google_bigquery_dataset.telemetry_logs_dataset",
            "google_logging_project_sink.log_export_to_bigquery",
            "google_project_service.services"
          ]
        }
      ]
    },
    {
      "mode": "managed",
      "type": "google_project_iam_member",
      "name": "default_compute_sa_storage_object_creator",
      "provider": "provider[\"registry.terraform.io/hashicorp/google\"]",
      "instances": [
        {
          "schema_version": 0,
          "attributes": {
            "condition": [],
            "etag": "BwZDJINdf7s=",
            "id": "bobs-brain/roles/cloudbuild.builds.builder/serviceAccount:205354194989-compute@developer.gserviceaccount.com",
            "member": "serviceAccount:205354194989-compute@developer.gserviceaccount.com",
            "project": "bobs-brain",
            "role": "roles/cloudbuild.builds.builder"
          },
          "sensitive_attributes": [],
          "identity_schema_version": 0,
          "private": "bnVsbA==",
          "dependencies": [
            "data.google_project.dev_project",
            "google_project_service.services"
          ]
        }
      ]
    },
    {
      "mode": "managed",
      "type": "google_project_iam_member",
      "name": "feedback_bigquery_data_editor",
      "provider": "provider[\"registry.terraform.io/hashicorp/google\"]",
      "instances": [
        {
          "schema_version": 0,
          "attributes": {
            "condition": [],
            "etag": "BwZDJIOqgmI=",
            "id": "bobs-brain/roles/bigquery.dataEditor/serviceAccount:service-205354194989@gcp-sa-logging.iam.gserviceaccount.com",
            "member": "serviceAccount:service-205354194989@gcp-sa-logging.iam.gserviceaccount.com",
            "project": "bobs-brain",
            "role": "roles/bigquery.dataEditor"
          },
          "sensitive_attributes": [],
          "identity_schema_version": 0,
          "private": "bnVsbA==",
          "dependencies": [
            "google_bigquery_dataset.feedback_dataset",
            "google_logging_project_sink.feedback_export_to_bigquery",
            "google_project_service.services"
          ]
        }
      ]
    },
    {
      "mode": "managed",
      "type": "google_project_iam_member",
      "name": "vertex_ai_sa_permissions",
      "provider": "provider[\"registry.terraform.io/hashicorp/google\"]",
      "instances": [
        {
          "index_key": "dev,roles/aiplatform.user",
          "schema_version": 0,
          "attributes": {
            "condition": [],
            "etag": "BwZDJINdf7s=",
            "id": "bobs-brain/roles/aiplatform.user/serviceAccount:service-205354194989@gcp-sa-aiplatform.iam.gserviceaccount.com",
            "member": "serviceAccount:service-205354194989@gcp-sa-aiplatform.iam.gserviceaccount.com",
            "project": "bobs-brain",
            "role": "roles/aiplatform.user"
          },
          "sensitive_attributes": [],
          "identity_schema_version": 0,
          "private": "bnVsbA==",
          "dependencies": [
            "google_project_service.services",
            "google_project_service_identity.vertex_sa"
          ]
        },
        {
          "index_key": "dev,roles/cloudtrace.agent",
          "schema_version": 0,
          "attributes": {
            "condition": [],
            "etag": "BwZDJINdf7s=",
            "id": "bobs-brain/roles/cloudtrace.agent/serviceAccount:service-205354194989@gcp-sa-aiplatform.iam.gserviceaccount.com",
            "member": "serviceAccount:service-205354194989@gcp-sa-aiplatform.iam.gserviceaccount.com",
            "project": "bobs-brain",
            "role": "roles/cloudtrace.agent"
          },
          "sensitive_attributes": [],
          "identity_schema_version": 0,
          "private": "bnVsbA==",
          "dependencies": [
            "google_project_service.services",
            "google_project_service_identity.vertex_sa"
          ]
        },
        {
          "index_key": "dev,roles/discoveryengine.editor",
          "schema_version": 0,
          "attributes": {
            "condition": [],
            "etag": "BwZDJINdf7s=",
            "id": "bobs-brain/roles/discoveryengine.editor/serviceAccount:service-205354194989@gcp-sa-aiplatform.iam.gserviceaccount.com",
            "member": "serviceAccount:service-205354194989@gcp-sa-aiplatform.iam.gserviceaccount.com",
            "project": "bobs-brain",
            "role": "roles/discoveryengine.editor"
          },
          "sensitive_attributes": [],
          "identity_schema_version": 0,
          "private": "bnVsbA==",
          "dependencies": [
            "google_project_service.services",
            "google_project_service_identity.vertex_sa"
          ]
        },
        {
          "index_key": "dev,roles/logging.logWriter",
          "schema_version": 0,
          "attributes": {
            "condition": [],
            "etag": "BwZDJINdf7s=",
            "id": "bobs-brain/roles/logging.logWriter/serviceAccount:service-205354194989@gcp-sa-aiplatform.iam.gserviceaccount.com",
            "member": "serviceAccount:service-205354194989@gcp-sa-aiplatform.iam.gserviceaccount.com",
            "project": "bobs-brain",
            "role": "roles/logging.logWriter"
          },
          "sensitive_attributes": [],
          "identity_schema_version": 0,
          "private": "bnVsbA==",
          "dependencies": [
            "google_project_service.services",
            "google_project_service_identity.vertex_sa"
          ]
        },
        {
          "index_key": "dev,roles/serviceusage.serviceUsageConsumer",
          "schema_version": 0,
          "attributes": {
            "condition": [],
            "etag": "BwZDJINdf7s=",
            "id": "bobs-brain/roles/serviceusage.serviceUsageConsumer/serviceAccount:service-205354194989@gcp-sa-aiplatform.iam.gserviceaccount.com",
            "member": "serviceAccount:service-205354194989@gcp-sa-aiplatform.iam.gserviceaccount.com",
            "project": "bobs-brain",
            "role": "roles/serviceusage.serviceUsageConsumer"
          },
          "sensitive_attributes": [],
          "identity_schema_version": 0,
          "private": "bnVsbA==",
          "dependencies": [
            "google_project_service.services",
            "google_project_service_identity.vertex_sa"
          ]
        },
        {
          "index_key": "dev,roles/storage.admin",
          "schema_version": 0,
          "attributes": {
            "condition": [],
            "etag": "BwZDJINdf7s=",
            "id": "bobs-brain/roles/storage.admin/serviceAccount:service-205354194989@gcp-sa-aiplatform.iam.gserviceaccount.com",
            "member": "serviceAccount:service-205354194989@gcp-sa-aiplatform.iam.gserviceaccount.com",
            "project": "bobs-brain",
            "role": "roles/storage.admin"
          },
          "sensitive_attributes": [],
          "identity_schema_version": 0,
          "private": "bnVsbA==",
          "dependencies": [
            "google_project_service.services",
            "google_project_service_identity.vertex_sa"
          ]
        }
      ]
    },
    {
      "mode": "managed",
      "type": "google_project_iam_member",
      "name": "vertexai_pipeline_sa_roles",
      "provider": "provider[\"registry.terraform.io/hashicorp/google\"]",
      "instances": [
        {
          "index_key": "dev,roles/aiplatform.user",
          "schema_version": 0,
          "attributes": {
            "condition": [],
            "etag": "BwZDJITdW8c=",
            "id": "bobs-brain/roles/aiplatform.user/serviceAccount:bob-vertex-agent-rag@bobs-brain.iam.gserviceaccount.com",
            "member": "serviceAccount:bob-vertex-agent-rag@bobs-brain.iam.gserviceaccount.com",
            "project": "bobs-brain",
            "role": "roles/aiplatform.user"
          },
          "sensitive_attributes": [],
          "identity_schema_version": 0,
          "private": "bnVsbA==",
          "dependencies": [
            "google_project_service.services",
            "google_service_account.vertexai_pipeline_app_sa"
          ]
        },
        {
          "index_key": "dev,roles/artifactregistry.writer",
          "schema_version": 0,
          "attributes": {
            "condition": [],
            "etag": "BwZDJITdW8c=",
            "id": "bobs-brain/roles/artifactregistry.writer/serviceAccount:bob-vertex-agent-rag@bobs-brain.iam.gserviceaccount.com",
            "member": "serviceAccount:bob-vertex-agent-rag@bobs-brain.iam.gserviceaccount.com",
            "project": "bobs-brain",
            "role": "roles/artifactregistry.writer"
          },
          "sensitive_attributes": [],
          "identity_schema_version": 0,
          "private": "bnVsbA==",
          "dependencies": [
            "google_project_service.services",
            "google_service_account.vertexai_pipeline_app_sa"
          ]
        },
        {
          "index_key": "dev,roles/bigquery.connectionAdmin",
          "schema_version": 0,
          "attributes": {
            "condition": [],
            "etag": "BwZDJITdW8c=",
            "id": "bobs-brain/roles/bigquery.connectionAdmin/serviceAccount:bob-vertex-agent-rag@bobs-brain.iam.gserviceaccount.com",
            "member": "serviceAccount:bob-vertex-agent-rag@bobs-brain.iam.gserviceaccount.com",
            "project": "bobs-brain",
            "role": "roles/bigquery.connectionAdmin"
          },
          "sensitive_attributes": [],
          "identity_schema_version": 0,
          "private": "bnVsbA==",
          "dependencies": [
            "google_project_service.services",
            "google_service_account.vertexai_pipeline_app_sa"
          ]
        },
        {
          "index_key": "dev,roles/bigquery.dataEditor",
          "schema_version": 0,
          "attributes": {
            "condition": [],
            "etag": "BwZDJITdW8c=",
            "id": "bobs-brain/roles/bigquery.dataEditor/serviceAccount:bob-vertex-agent-rag@bobs-brain.iam.gserviceaccount.com",
            "member": "serviceAccount:bob-vertex-agent-rag@bobs-brain.iam.gserviceaccount.com",
            "project": "bobs-brain",
            "role": "roles/bigquery.dataEditor"
          },
          "sensitive_attributes": [],
          "identity_schema_version": 0,
          "private": "bnVsbA==",
          "dependencies": [
            "google_project_service.services",
            "google_service_account.vertexai_pipeline_app_sa"
          ]
        },
        {
          "index_key": "dev,roles/bigquery.jobUser",
          "schema_version": 0,
          "attributes": {
            "condition": [],
            "etag": "BwZDJITdW8c=",
            "id": "bobs-brain/roles/bigquery.jobUser/serviceAccount:bob-vertex-agent-rag@bobs-brain.iam.gserviceaccount.com",
            "member": "serviceAccount:bob-vertex-agent-rag@bobs-brain.iam.gserviceaccount.com",
            "project": "bobs-brain",
            "role": "roles/bigquery.jobUser"
          },
          "sensitive_attributes": [],
          "identity_schema_version": 0,
          "private": "bnVsbA==",
          "dependencies": [
            "google_project_service.services",
            "google_service_account.vertexai_pipeline_app_sa"
          ]
        },
        {
          "index_key": "dev,roles/bigquery.readSessionUser",
          "schema_version": 0,
          "attributes": {
            "condition": [],
            "etag": "BwZDJITdW8c=",
            "id": "bobs-brain/roles/bigquery.readSessionUser/serviceAccount:bob-vertex-agent-rag@bobs-brain.iam.gserviceaccount.com",
            "member": "serviceAccount:bob-vertex-agent-rag@bobs-brain.iam.gserviceaccount.com",
            "project": "bobs-brain",
            "role": "roles/bigquery.readSessionUser"
          },
          "sensitive_attributes": [],
          "identity_schema_version": 0,
          "private": "bnVsbA==",
          "dependencies": [
            "google_project_service.services",
            "google_service_account.vertexai_pipeline_app_sa"
          ]
        },
        {
          "index_key": "dev,roles/discoveryengine.admin",
          "schema_version": 0,
          "attributes": {
            "condition": [],
            "etag": "BwZDJITdW8c=",
            "id": "bobs-brain/roles/discoveryengine.admin/serviceAccount:bob-vertex-agent-rag@bobs-brain.iam.gserviceaccount.com",
            "member": "serviceAccount:bob-vertex-agent-rag@bobs-brain.iam.gserviceaccount.com",
            "project": "bobs-brain",
            "role": "roles/discoveryengine.admin"
          },
          "sensitive_attributes": [],
          "identity_schema_version": 0,
          "private": "bnVsbA==",
          "dependencies": [
            "google_project_service.services",
            "google_service_account.vertexai_pipeline_app_sa"
          ]
        },
        {
          "index_key": "dev,roles/logging.logWriter",
          "schema_version": 0,
          "attributes": {
            "condition": [],
            "etag": "BwZDJITdW8c=",
            "id": "bobs-brain/roles/logging.logWriter/serviceAccount:bob-vertex-agent-rag@bobs-brain.iam.gserviceaccount.com",
            "member": "serviceAccount:bob-vertex-agent-rag@bobs-brain.iam.gserviceaccount.com",
            "project": "bobs-brain",
            "role": "roles/logging.logWriter"
          },
          "sensitive_attributes": [],
          "identity_schema_version": 0,
          "private": "bnVsbA==",
          "dependencies": [
            "google_project_service.services",
            "google_service_account.vertexai_pipeline_app_sa"
          ]
        },
        {
          "index_key": "dev,roles/resourcemanager.projectIamAdmin",
          "schema_version": 0,
          "attributes": {
            "condition": [],
            "etag": "BwZDJITdW8c=",
            "id": "bobs-brain/roles/resourcemanager.projectIamAdmin/serviceAccount:bob-vertex-agent-rag@bobs-brain.iam.gserviceaccount.com",
            "member": "serviceAccount:bob-vertex-agent-rag@bobs-brain.iam.gserviceaccount.com",
            "project": "bobs-brain",
            "role": "roles/resourcemanager.projectIamAdmin"
          },
          "sensitive_attributes": [],
          "identity_schema_version": 0,
          "private": "bnVsbA==",
          "dependencies": [
            "google_project_service.services",
            "google_service_account.vertexai_pipeline_app_sa"
          ]
        },
        {
          "index_key": "dev,roles/run.invoker",
          "schema_version": 0,
          "attributes": {
            "condition": [],
            "etag": "BwZDJITdW8c=",
            "id": "bobs-brain/roles/run.invoker/serviceAccount:bob-vertex-agent-rag@bobs-brain.iam.gserviceaccount.com",
            "member": "serviceAccount:bob-vertex-agent-rag@bobs-brain.iam.gserviceaccount.com",
            "project": "bobs-brain",
            "role": "roles/run.invoker"
          },
          "sensitive_attributes": [],
          "identity_schema_version": 0,
          "private": "bnVsbA==",
          "dependencies": [
            "google_project_service.services",
            "google_service_account.vertexai_pipeline_app_sa"
          ]
        },
        {
          "index_key": "dev,roles/storage.admin",
          "schema_version": 0,
          "attributes": {
            "condition": [],
            "etag": "BwZDJIVLNMY=",
            "id": "bobs-brain/roles/storage.admin/serviceAccount:bob-vertex-agent-rag@bobs-brain.iam.gserviceaccount.com",
            "member": "serviceAccount:bob-vertex-agent-rag@bobs-brain.iam.gserviceaccount.com",
            "project": "bobs-brain",
            "role": "roles/storage.admin"
          },
          "sensitive_attributes": [],
          "identity_schema_version": 0,
          "private": "bnVsbA==",
          "dependencies": [
            "google_project_service.services",
            "google_service_account.vertexai_pipeline_app_sa"
          ]
        }
      ]
    },
    {
      "mode": "managed",
      "type": "google_project_service",
      "name": "services",
      "provider": "provider[\"registry.terraform.io/hashicorp/google\"]",
      "instances": [
        {
          "index_key": 0,
          "schema_version": 0,
          "attributes": {
            "disable_dependent_services": null,
            "disable_on_destroy": false,
            "id": "bobs-brain/aiplatform.googleapis.com",
            "project": "bobs-brain",
            "service": "aiplatform.googleapis.com",
            "timeouts": null
          },
          "sensitive_attributes": [],
          "identity_schema_version": 0,
          "private": "eyJlMmJmYjczMC1lY2FhLTExZTYtOGY4OC0zNDM2M2JjN2M0YzAiOnsiY3JlYXRlIjoxMjAwMDAwMDAwMDAwLCJkZWxldGUiOjEyMDAwMDAwMDAwMDAsInJlYWQiOjYwMDAwMDAwMDAwMCwidXBkYXRlIjoxMjAwMDAwMDAwMDAwfX0="
        },
        {
          "index_key": 1,
          "schema_version": 0,
          "attributes": {
            "disable_dependent_services": null,
            "disable_on_destroy": false,
            "id": "bobs-brain/cloudbuild.googleapis.com",
            "project": "bobs-brain",
            "service": "cloudbuild.googleapis.com",
            "timeouts": null
          },
          "sensitive_attributes": [],
          "identity_schema_version": 0,
          "private": "eyJlMmJmYjczMC1lY2FhLTExZTYtOGY4OC0zNDM2M2JjN2M0YzAiOnsiY3JlYXRlIjoxMjAwMDAwMDAwMDAwLCJkZWxldGUiOjEyMDAwMDAwMDAwMDAsInJlYWQiOjYwMDAwMDAwMDAwMCwidXBkYXRlIjoxMjAwMDAwMDAwMDAwfX0="
        },
        {
          "index_key": 2,
          "schema_version": 0,
          "attributes": {
            "disable_dependent_services": null,
            "disable_on_destroy": false,
            "id": "bobs-brain/run.googleapis.com",
            "project": "bobs-brain",
            "service": "run.googleapis.com",
            "timeouts": null
          },
          "sensitive_attributes": [],
          "identity_schema_version": 0,
          "private": "eyJlMmJmYjczMC1lY2FhLTExZTYtOGY4OC0zNDM2M2JjN2M0YzAiOnsiY3JlYXRlIjoxMjAwMDAwMDAwMDAwLCJkZWxldGUiOjEyMDAwMDAwMDAwMDAsInJlYWQiOjYwMDAwMDAwMDAwMCwidXBkYXRlIjoxMjAwMDAwMDAwMDAwfX0="
        },
        {
          "index_key": 3,
          "schema_version": 0,
          "attributes": {
            "disable_dependent_services": null,
            "disable_on_destroy": false,
            "id": "bobs-brain/bigquery.googleapis.com",
            "project": "bobs-brain",
            "service": "bigquery.googleapis.com",
            "timeouts": null
          },
          "sensitive_attributes": [],
          "identity_schema_version": 0,
          "private": "eyJlMmJmYjczMC1lY2FhLTExZTYtOGY4OC0zNDM2M2JjN2M0YzAiOnsiY3JlYXRlIjoxMjAwMDAwMDAwMDAwLCJkZWxldGUiOjEyMDAwMDAwMDAwMDAsInJlYWQiOjYwMDAwMDAwMDAwMCwidXBkYXRlIjoxMjAwMDAwMDAwMDAwfX0="
        },
        {
          "index_key": 4,
          "schema_version": 0,
          "attributes": {
            "disable_dependent_services": null,
            "disable_on_destroy": false,
            "id": "bobs-brain/discoveryengine.googleapis.com",
            "project": "bobs-brain",
            "service": "discoveryengine.googleapis.com",
            "timeouts": null
          },
          "sensitive_attributes": [],
          "identity_schema_version": 0,
          "private": "eyJlMmJmYjczMC1lY2FhLTExZTYtOGY4OC0zNDM2M2JjN2M0YzAiOnsiY3JlYXRlIjoxMjAwMDAwMDAwMDAwLCJkZWxldGUiOjEyMDAwMDAwMDAwMDAsInJlYWQiOjYwMDAwMDAwMDAwMCwidXBkYXRlIjoxMjAwMDAwMDAwMDAwfX0="
        },
        {
          "index_key": 5,
          "schema_version": 0,
          "attributes": {
            "disable_dependent_services": null,
            "disable_on_destroy": false,
            "id": "bobs-brain/cloudresourcemanager.googleapis.com",
            "project": "bobs-brain",
            "service": "cloudresourcemanager.googleapis.com",
            "timeouts": null
          },
          "sensitive_attributes": [],
          "identity_schema_version": 0,
          "private": "eyJlMmJmYjczMC1lY2FhLTExZTYtOGY4OC0zNDM2M2JjN2M0YzAiOnsiY3JlYXRlIjoxMjAwMDAwMDAwMDAwLCJkZWxldGUiOjEyMDAwMDAwMDAwMDAsInJlYWQiOjYwMDAwMDAwMDAwMCwidXBkYXRlIjoxMjAwMDAwMDAwMDAwfX0="
        },
        {
          "index_key": 6,
          "schema_version": 0,
          "attributes": {
            "disable_dependent_services": null,
            "disable_on_destroy": false,
            "id": "bobs-brain/iam.googleapis.com",
            "project": "bobs-brain",
            "service": "iam.googleapis.com",
            "timeouts": null
          },
          "sensitive_attributes": [],
          "identity_schema_version": 0,
          "private": "eyJlMmJmYjczMC1lY2FhLTExZTYtOGY4OC0zNDM2M2JjN2M0YzAiOnsiY3JlYXRlIjoxMjAwMDAwMDAwMDAwLCJkZWxldGUiOjEyMDAwMDAwMDAwMDAsInJlYWQiOjYwMDAwMDAwMDAwMCwidXBkYXRlIjoxMjAwMDAwMDAwMDAwfX0="
        },
        {
          "index_key": 7,
          "schema_version": 0,
          "attributes": {
            "disable_dependent_services": null,
            "disable_on_destroy": false,
            "id": "bobs-brain/bigquery.googleapis.com",
            "project": "bobs-brain",
            "service": "bigquery.googleapis.com",
            "timeouts": null
          },
          "sensitive_attributes": [],
          "identity_schema_version": 0,
          "private": "eyJlMmJmYjczMC1lY2FhLTExZTYtOGY4OC0zNDM2M2JjN2M0YzAiOnsiY3JlYXRlIjoxMjAwMDAwMDAwMDAwLCJkZWxldGUiOjEyMDAwMDAwMDAwMDAsInJlYWQiOjYwMDAwMDAwMDAwMCwidXBkYXRlIjoxMjAwMDAwMDAwMDAwfX0="
        },
        {
          "index_key": 8,
          "schema_version": 0,
          "attributes": {
            "disable_dependent_services": null,
            "disable_on_destroy": false,
            "id": "bobs-brain/serviceusage.googleapis.com",
            "project": "bobs-brain",
            "service": "serviceusage.googleapis.com",
            "timeouts": null
          },
          "sensitive_attributes": [],
          "identity_schema_version": 0,
          "private": "eyJlMmJmYjczMC1lY2FhLTExZTYtOGY4OC0zNDM2M2JjN2M0YzAiOnsiY3JlYXRlIjoxMjAwMDAwMDAwMDAwLCJkZWxldGUiOjEyMDAwMDAwMDAwMDAsInJlYWQiOjYwMDAwMDAwMDAwMCwidXBkYXRlIjoxMjAwMDAwMDAwMDAwfX0="
        },
        {
          "index_key": 9,
          "schema_version": 0,
          "attributes": {
            "disable_dependent_services": null,
            "disable_on_destroy": false,
            "id": "bobs-brain/logging.googleapis.com",
            "project": "bobs-brain",
            "service": "logging.googleapis.com",
            "timeouts": null
          },
          "sensitive_attributes": [],
          "identity_schema_version": 0,
          "private": "eyJlMmJmYjczMC1lY2FhLTExZTYtOGY4OC0zNDM2M2JjN2M0YzAiOnsiY3JlYXRlIjoxMjAwMDAwMDAwMDAwLCJkZWxldGUiOjEyMDAwMDAwMDAwMDAsInJlYWQiOjYwMDAwMDAwMDAwMCwidXBkYXRlIjoxMjAwMDAwMDAwMDAwfX0="
        },
        {
          "index_key": 10,
          "schema_version": 0,
          "attributes": {
            "disable_dependent_services": null,
            "disable_on_destroy": false,
            "id": "bobs-brain/cloudtrace.googleapis.com",
            "project": "bobs-brain",
            "service": "cloudtrace.googleapis.com",
            "timeouts": null
          },
          "sensitive_attributes": [],
          "identity_schema_version": 0,
          "private": "eyJlMmJmYjczMC1lY2FhLTExZTYtOGY4OC0zNDM2M2JjN2M0YzAiOnsiY3JlYXRlIjoxMjAwMDAwMDAwMDAwLCJkZWxldGUiOjEyMDAwMDAwMDAwMDAsInJlYWQiOjYwMDAwMDAwMDAwMCwidXBkYXRlIjoxMjAwMDAwMDAwMDAwfX0="
        }
      ]
    },
    {
      "mode": "managed",
      "type": "google_project_service_identity",
      "name": "vertex_sa",
      "provider": "provider[\"registry.terraform.io/hashicorp/google-beta\"]",
      "instances": [
        {
          "schema_version": 0,
          "attributes": {
            "email": "service-205354194989@gcp-sa-aiplatform.iam.gserviceaccount.com",
            "id": "projects/bobs-brain/services/aiplatform.googleapis.com",
            "member": "serviceAccount:service-205354194989@gcp-sa-aiplatform.iam.gserviceaccount.com",
            "project": "bobs-brain",
            "service": "aiplatform.googleapis.com",
            "timeouts": null
          },
          "sensitive_attributes": [],
          "identity_schema_version": 0,
          "private": "eyJlMmJmYjczMC1lY2FhLTExZTYtOGY4OC0zNDM2M2JjN2M0YzAiOnsiY3JlYXRlIjoxMjAwMDAwMDAwMDAwLCJkZWxldGUiOjEyMDAwMDAwMDAwMDAsInJlYWQiOjYwMDAwMDAwMDAwMH19"
        }
      ]
    },
    {
      "mode": "managed",
      "type": "google_service_account",
      "name": "app_sa",
      "provider": "provider[\"registry.terraform.io/hashicorp/google\"]",
      "instances": [
        {
          "schema_version": 0,
          "attributes": {
            "account_id": "bob-vertex-agent-app",
            "create_ignore_already_exists": null,
            "description": "",
            "disabled": false,
            "display_name": "bob-vertex-agent Agent Service Account",
            "email": "bob-vertex-agent-app@bobs-brain.iam.gserviceaccount.com",
            "id": "projects/bobs-brain/serviceAccounts/bob-vertex-agent-app@bobs-brain.iam.gserviceaccount.com",
            "member": "serviceAccount:bob-vertex-agent-app@bobs-brain.iam.gserviceaccount.com",
            "name": "projects/bobs-brain/serviceAccounts/bob-vertex-agent-app@bobs-brain.iam.gserviceaccount.com",
            "project": "bobs-brain",
            "timeouts": null,
            "unique_id": "103467725612983281394"
          },
          "sensitive_attributes": [],
          "identity_schema_version": 0,
          "private": "eyJlMmJmYjczMC1lY2FhLTExZTYtOGY4OC0zNDM2M2JjN2M0YzAiOnsiY3JlYXRlIjozMDAwMDAwMDAwMDB9fQ==",
          "dependencies": [
            "google_project_service.services"
          ]
        }
      ]
    },
    {
      "mode": "managed",
      "type": "google_service_account",
      "name": "vertexai_pipeline_app_sa",
      "provider": "provider[\"registry.terraform.io/hashicorp/google\"]",
      "instances": [
        {
          "index_key": "dev",
          "schema_version": 0,
          "attributes": {
            "account_id": "bob-vertex-agent-rag",
            "create_ignore_already_exists": null,
            "description": "",
            "disabled": false,
            "display_name": "Vertex AI Pipeline app SA",
            "email": "bob-vertex-agent-rag@bobs-brain.iam.gserviceaccount.com",
            "id": "projects/bobs-brain/serviceAccounts/bob-vertex-agent-rag@bobs-brain.iam.gserviceaccount.com",
            "member": "serviceAccount:bob-vertex-agent-rag@bobs-brain.iam.gserviceaccount.com",
            "name": "projects/bobs-brain/serviceAccounts/bob-vertex-agent-rag@bobs-brain.iam.gserviceaccount.com",
            "project": "bobs-brain",
            "timeouts": null,
            "unique_id": "110418134777584629353"
          },
          "sensitive_attributes": [],
          "identity_schema_version": 0,
          "private": "eyJlMmJmYjczMC1lY2FhLTExZTYtOGY4OC0zNDM2M2JjN2M0YzAiOnsiY3JlYXRlIjozMDAwMDAwMDAwMDB9fQ==",
          "dependencies": [
            "google_project_service.services"
          ]
        }
      ]
    },
    {
      "mode": "managed",
      "type": "google_storage_bucket",
      "name": "data_ingestion_PIPELINE_GCS_ROOT",
      "provider": "provider[\"registry.terraform.io/hashicorp/google\"]",
      "instances": [
        {
          "schema_version": 4,
          "attributes": {
            "autoclass": [],
            "cors": [],
            "custom_placement_config": [],
            "default_event_based_hold": false,
            "effective_labels": {
              "goog-terraform-provisioned": "true"
            },
            "enable_object_retention": false,
            "encryption": [],
            "force_destroy": true,
            "hierarchical_namespace": [
              {
                "enabled": false
              }
            ],
            "id": "bobs-brain-bob-vertex-agent-rag",
            "ip_filter": [],
            "labels": null,
            "lifecycle_rule": [],
            "location": "US-CENTRAL1",
            "logging": [],
            "name": "bobs-brain-bob-vertex-agent-rag",
            "project": "bobs-brain",
            "project_number": 205354194989,
            "public_access_prevention": "inherited",
            "requester_pays": false,
            "retention_policy": [],
            "rpo": null,
            "self_link": "https://www.googleapis.com/storage/v1/b/bobs-brain-bob-vertex-agent-rag",
            "soft_delete_policy": [
              {
                "effective_time": "2025-11-09T07:39:17.353Z",
                "retention_duration_seconds": 604800
              }
            ],
            "storage_class": "STANDARD",
            "terraform_labels": {
              "goog-terraform-provisioned": "true"
            },
            "time_created": "2025-11-09T07:39:17.353Z",
            "timeouts": null,
            "uniform_bucket_level_access": true,
            "updated": "2025-11-09T07:39:17.353Z",
            "url": "gs://bobs-brain-bob-vertex-agent-rag",
            "versioning": [],
            "website": []
          },
          "sensitive_attributes": [],
          "identity_schema_version": 0,
          "private": "eyJlMmJmYjczMC1lY2FhLTExZTYtOGY4OC0zNDM2M2JjN2M0YzAiOnsiY3JlYXRlIjo2MDAwMDAwMDAwMDAsInJlYWQiOjI0MDAwMDAwMDAwMCwidXBkYXRlIjoyNDAwMDAwMDAwMDB9LCJzY2hlbWFfdmVyc2lvbiI6IjQifQ==",
          "dependencies": [
            "google_project_service.services"
          ]
        }
      ]
    },
    {
      "mode": "managed",
      "type": "google_storage_bucket",
      "name": "logs_data_bucket",
      "provider": "provider[\"registry.terraform.io/hashicorp/google\"]",
      "instances": [
        {
          "schema_version": 4,
          "attributes": {
            "autoclass": [],
            "cors": [],
            "custom_placement_config": [],
            "default_event_based_hold": false,
            "effective_labels": {
              "goog-terraform-provisioned": "true"
            },
            "enable_object_retention": false,
            "encryption": [],
            "force_destroy": false,
            "hierarchical_namespace": [
              {
                "enabled": false
              }
            ],
            "id": "bobs-brain-bob-vertex-agent-logs",
            "ip_filter": [],
            "labels": null,
            "lifecycle_rule": [],
            "location": "US-CENTRAL1",
            "logging": [],
            "name": "bobs-brain-bob-vertex-agent-logs",
            "project": "bobs-brain",
            "project_number": 205354194989,
            "public_access_prevention": "inherited",
            "requester_pays": false,
            "retention_policy": [],
            "rpo": null,
            "self_link": "https://www.googleapis.com/storage/v1/b/bobs-brain-bob-vertex-agent-logs",
            "soft_delete_policy": [
              {
                "effective_time": "2025-11-09T07:39:17.495Z",
                "retention_duration_seconds": 604800
              }
            ],
            "storage_class": "STANDARD",
            "terraform_labels": {
              "goog-terraform-provisioned": "true"
            },
            "time_created": "2025-11-09T07:39:17.495Z",
            "timeouts": null,
            "uniform_bucket_level_access": true,
            "updated": "2025-11-09T07:39:17.495Z",
            "url": "gs://bobs-brain-bob-vertex-agent-logs",
            "versioning": [],
            "website": []
          },
          "sensitive_attributes": [],
          "identity_schema_version": 0,
          "private": "eyJlMmJmYjczMC1lY2FhLTExZTYtOGY4OC0zNDM2M2JjN2M0YzAiOnsiY3JlYXRlIjo2MDAwMDAwMDAwMDAsInJlYWQiOjI0MDAwMDAwMDAwMCwidXBkYXRlIjoyNDAwMDAwMDAwMDB9LCJzY2hlbWFfdmVyc2lvbiI6IjQifQ==",
          "dependencies": [
            "google_project_service.services"
          ]
        }
      ]
    }
  ],
  "check_results": null
}
